
Microsoft Visual Studio Solution File, Format Version 12.00
# Visual Studio 15
VisualStudioVersion = 15.0.28307.438
MinimumVisualStudioVersion = 10.0.40219.1
Project("{FAE04EC0-301F-11D3-BF4B-00C04F79EFBC}") = "Hackathon", "Hackathon\Hackathon.csproj", "{34A2CE61-B890-4E74-8E40-9D5CC2049FC7}"
EndProject
Project("{FAE04EC0-301F-11D3-BF4B-00C04F79EFBC}") = "Hackathon.Models", "Hackathon.Models\Hackathon.Models.csproj", "{3C73B487-FB2C-4D58-934D-96F0C1E970BF}"
EndProject
Global
	GlobalSection(SolutionConfigurationPlatforms) = preSolution
		Debug|Any CPU = Debug|Any CPU
		Release|Any CPU = Release|Any CPU
	EndGlobalSection
	GlobalSection(ProjectConfigurationPlatforms) = postSolution
		{34A2CE61-B890-4E74-8E40-9D5CC2049FC7}.Debug|Any CPU.ActiveCfg = Debug|Any CPU
		{34A2CE61-B890-4E74-8E40-9D5CC2049FC7}.Debug|Any CPU.Build.0 = Debug|Any CPU
		{34A2CE61-B890-4E74-8E40-9D5CC2049FC7}.Release|Any CPU.ActiveCfg = Release|Any CPU
		{34A2CE61-B890-4E74-8E40-9D5CC2049FC7}.Release|Any CPU.Build.0 = Release|Any CPU
		{3C73B487-FB2C-4D58-934D-96F0C1E970BF}.Debug|Any CPU.ActiveCfg = Debug|Any CPU
		{3C73B487-FB2C-4D58-934D-96F0C1E970BF}.Debug|Any CPU.Build.0 = Debug|Any CPU
		{3C73B487-FB2C-4D58-934D-96F0C1E970BF}.Release|Any CPU.ActiveCfg = Release|Any CPU
		{3C73B487-FB2C-4D58-934D-96F0C1E970BF}.Release|Any CPU.Build.0 = Release|Any CPU
	EndGlobalSection
	GlobalSection(SolutionProperties) = preSolution
		HideSolutionNode = FALSE
	EndGlobalSection
	GlobalSection(ExtensibilityGlobals) = postSolution
		SolutionGuid = {3D89DD8A-0CBB-4AFE-B570-F54E9B92264A}
	EndGlobalSection
EndGlobal
